
Microsoft Visual Studio Solution File, Format Version 12.00
# Visual Studio 15
VisualStudioVersion = 15.0.26430.6
MinimumVisualStudioVersion = 10.0.40219.1
Project("{FAE04EC0-301F-11D3-BF4B-00C04F79EFBC}") = "JsonParser", "JsonParser\JsonParser.csproj", "{BC9C47DB-A6C2-424E-99B1-EC9CC93E4701}"
EndProject
Project("{FAE04EC0-301F-11D3-BF4B-00C04F79EFBC}") = "JsonParserTests", "JsonParserTests\JsonParserTests.csproj", "{B83C73B2-8684-4494-A33A-92E11BAABB9B}"
EndProject
Global
	GlobalSection(SolutionConfigurationPlatforms) = preSolution
		Debug|Any CPU = Debug|Any CPU
		Debug|ARM = Debug|ARM
		Debug|x64 = Debug|x64
		Debug|x86 = Debug|x86
		Release|Any CPU = Release|Any CPU
		Release|ARM = Release|ARM
		Release|x64 = Release|x64
		Release|x86 = Release|x86
	EndGlobalSection
	GlobalSection(ProjectConfigurationPlatforms) = postSolution
		{BC9C47DB-A6C2-424E-99B1-EC9CC93E4701}.Debug|Any CPU.ActiveCfg = Debug|Any CPU
		{BC9C47DB-A6C2-424E-99B1-EC9CC93E4701}.Debug|Any CPU.Build.0 = Debug|Any CPU
		{BC9C47DB-A6C2-424E-99B1-EC9CC93E4701}.Debug|ARM.ActiveCfg = Debug|Any CPU
		{BC9C47DB-A6C2-424E-99B1-EC9CC93E4701}.Debug|ARM.Build.0 = Debug|Any CPU
		{BC9C47DB-A6C2-424E-99B1-EC9CC93E4701}.Debug|x64.ActiveCfg = Debug|Any CPU
		{BC9C47DB-A6C2-424E-99B1-EC9CC93E4701}.Debug|x64.Build.0 = Debug|Any CPU
		{BC9C47DB-A6C2-424E-99B1-EC9CC93E4701}.Debug|x86.ActiveCfg = Debug|Any CPU
		{BC9C47DB-A6C2-424E-99B1-EC9CC93E4701}.Debug|x86.Build.0 = Debug|Any CPU
		{BC9C47DB-A6C2-424E-99B1-EC9CC93E4701}.Release|Any CPU.ActiveCfg = Release|Any CPU
		{BC9C47DB-A6C2-424E-99B1-EC9CC93E4701}.Release|Any CPU.Build.0 = Release|Any CPU
		{BC9C47DB-A6C2-424E-99B1-EC9CC93E4701}.Release|ARM.ActiveCfg = Release|Any CPU
		{BC9C47DB-A6C2-424E-99B1-EC9CC93E4701}.Release|ARM.Build.0 = Release|Any CPU
		{BC9C47DB-A6C2-424E-99B1-EC9CC93E4701}.Release|x64.ActiveCfg = Release|Any CPU
		{BC9C47DB-A6C2-424E-99B1-EC9CC93E4701}.Release|x64.Build.0 = Release|Any CPU
		{BC9C47DB-A6C2-424E-99B1-EC9CC93E4701}.Release|x86.ActiveCfg = Release|Any CPU
		{BC9C47DB-A6C2-424E-99B1-EC9CC93E4701}.Release|x86.Build.0 = Release|Any CPU
		{B83C73B2-8684-4494-A33A-92E11BAABB9B}.Debug|Any CPU.ActiveCfg = Debug|Any CPU
		{B83C73B2-8684-4494-A33A-92E11BAABB9B}.Debug|Any CPU.Build.0 = Debug|Any CPU
		{B83C73B2-8684-4494-A33A-92E11BAABB9B}.Debug|ARM.ActiveCfg = Debug|Any CPU
		{B83C73B2-8684-4494-A33A-92E11BAABB9B}.Debug|ARM.Build.0 = Debug|Any CPU
		{B83C73B2-8684-4494-A33A-92E11BAABB9B}.Debug|x64.ActiveCfg = Debug|Any CPU
		{B83C73B2-8684-4494-A33A-92E11BAABB9B}.Debug|x64.Build.0 = Debug|Any CPU
		{B83C73B2-8684-4494-A33A-92E11BAABB9B}.Debug|x86.ActiveCfg = Debug|Any CPU
		{B83C73B2-8684-4494-A33A-92E11BAABB9B}.Debug|x86.Build.0 = Debug|Any CPU
		{B83C73B2-8684-4494-A33A-92E11BAABB9B}.Release|Any CPU.ActiveCfg = Release|Any CPU
		{B83C73B2-8684-4494-A33A-92E11BAABB9B}.Release|Any CPU.Build.0 = Release|Any CPU
		{B83C73B2-8684-4494-A33A-92E11BAABB9B}.Release|ARM.ActiveCfg = Release|Any CPU
		{B83C73B2-8684-4494-A33A-92E11BAABB9B}.Release|ARM.Build.0 = Release|Any CPU
		{B83C73B2-8684-4494-A33A-92E11BAABB9B}.Release|x64.ActiveCfg = Release|Any CPU
		{B83C73B2-8684-4494-A33A-92E11BAABB9B}.Release|x64.Build.0 = Release|Any CPU
		{B83C73B2-8684-4494-A33A-92E11BAABB9B}.Release|x86.ActiveCfg = Release|Any CPU
		{B83C73B2-8684-4494-A33A-92E11BAABB9B}.Release|x86.Build.0 = Release|Any CPU
	EndGlobalSection
	GlobalSection(SolutionProperties) = preSolution
		HideSolutionNode = FALSE
	EndGlobalSection
EndGlobal
